
Microsoft Visual Studio Solution File, Format Version 12.00
# Visual Studio 2013
VisualStudioVersion = 12.0.31101.0
MinimumVisualStudioVersion = 10.0.40219.1
Project("{FAE04EC0-301F-11D3-BF4B-00C04F79EFBC}") = "Gm", "Gm\Gm.csproj", "{E7ED7FBF-9ECC-4CD3-99A6-31FF6E9FFB77}"
EndProject
Project("{2150E333-8FDC-42A3-9474-1A3956D46DE8}") = "PublishScripts", "PublishScripts", "{2DB71AEE-4C20-4751-97DD-F41786A17219}"
	ProjectSection(SolutionItems) = preProject
		PublishScripts\AzureWebsitePublishModule.psm1 = PublishScripts\AzureWebsitePublishModule.psm1
		PublishScripts\Publish-WebApplicationWebsite.ps1 = PublishScripts\Publish-WebApplicationWebsite.ps1
	EndProjectSection
EndProject
Project("{2150E333-8FDC-42A3-9474-1A3956D46DE8}") = "Configurations", "Configurations", "{A1EB8386-8339-4C48-BA78-BA14C3B866D4}"
	ProjectSection(SolutionItems) = preProject
		PublishScripts\Configurations\Gm-WAWS-dev.json = PublishScripts\Configurations\Gm-WAWS-dev.json
	EndProjectSection
EndProject
Project("{2150E333-8FDC-42A3-9474-1A3956D46DE8}") = ".nuget", ".nuget", "{8D29EE4F-C310-4B57-8346-28FE0EEDA8DB}"
	ProjectSection(SolutionItems) = preProject
		.nuget\packages.config = .nuget\packages.config
	EndProjectSection
EndProject
Global
	GlobalSection(SolutionConfigurationPlatforms) = preSolution
		Debug|Any CPU = Debug|Any CPU
		Debug|ARM = Debug|ARM
		Debug|x86 = Debug|x86
		Release|Any CPU = Release|Any CPU
		Release|ARM = Release|ARM
		Release|x86 = Release|x86
	EndGlobalSection
	GlobalSection(ProjectConfigurationPlatforms) = postSolution
		{E7ED7FBF-9ECC-4CD3-99A6-31FF6E9FFB77}.Debug|Any CPU.ActiveCfg = Debug|Any CPU
		{E7ED7FBF-9ECC-4CD3-99A6-31FF6E9FFB77}.Debug|Any CPU.Build.0 = Debug|Any CPU
		{E7ED7FBF-9ECC-4CD3-99A6-31FF6E9FFB77}.Debug|ARM.ActiveCfg = Debug|Any CPU
		{E7ED7FBF-9ECC-4CD3-99A6-31FF6E9FFB77}.Debug|x86.ActiveCfg = Debug|Any CPU
		{E7ED7FBF-9ECC-4CD3-99A6-31FF6E9FFB77}.Release|Any CPU.ActiveCfg = Release|Any CPU
		{E7ED7FBF-9ECC-4CD3-99A6-31FF6E9FFB77}.Release|Any CPU.Build.0 = Release|Any CPU
		{E7ED7FBF-9ECC-4CD3-99A6-31FF6E9FFB77}.Release|ARM.ActiveCfg = Release|Any CPU
		{E7ED7FBF-9ECC-4CD3-99A6-31FF6E9FFB77}.Release|x86.ActiveCfg = Release|Any CPU
	EndGlobalSection
	GlobalSection(SolutionProperties) = preSolution
		HideSolutionNode = FALSE
	EndGlobalSection
	GlobalSection(NestedProjects) = preSolution
		{A1EB8386-8339-4C48-BA78-BA14C3B866D4} = {2DB71AEE-4C20-4751-97DD-F41786A17219}
	EndGlobalSection
EndGlobal
